// !$*UTF8*$!
{
	archiveVersion = 1;
	classes = {
	};
	objectVersion = 56;
	objects = {

/* Begin PBXBuildFile section */
		D77B9B4A2A0B8A24006D587C /* NetworkingError.swift in Sources */ = {isa = PBXBuildFile; fileRef = D77B9B472A0B8A24006D587C /* NetworkingError.swift */; };
		D77B9B4B2A0B8A24006D587C /* NetworkingService.swift in Sources */ = {isa = PBXBuildFile; fileRef = D77B9B482A0B8A24006D587C /* NetworkingService.swift */; };
		D77B9B4C2A0B8A24006D587C /* NetworkingProtocol.swift in Sources */ = {isa = PBXBuildFile; fileRef = D77B9B492A0B8A24006D587C /* NetworkingProtocol.swift */; };
		D77B9B4F2A0B8A86006D587C /* Photo.swift in Sources */ = {isa = PBXBuildFile; fileRef = D77B9B4E2A0B8A86006D587C /* Photo.swift */; };
		D7E036052A0A826D00EC32D6 /* SmartwayGaleryApp.swift in Sources */ = {isa = PBXBuildFile; fileRef = D7E036042A0A826D00EC32D6 /* SmartwayGaleryApp.swift */; };
		D7E036072A0A826D00EC32D6 /* ContentView.swift in Sources */ = {isa = PBXBuildFile; fileRef = D7E036062A0A826D00EC32D6 /* ContentView.swift */; };
		D7E036092A0A826F00EC32D6 /* Assets.xcassets in Resources */ = {isa = PBXBuildFile; fileRef = D7E036082A0A826F00EC32D6 /* Assets.xcassets */; };
		D7E0360C2A0A826F00EC32D6 /* Preview Assets.xcassets in Resources */ = {isa = PBXBuildFile; fileRef = D7E0360B2A0A826F00EC32D6 /* Preview Assets.xcassets */; };
/* End PBXBuildFile section */

/* Begin PBXFileReference section */
		D77B9B472A0B8A24006D587C /* NetworkingError.swift */ = {isa = PBXFileReference; fileEncoding = 4; lastKnownFileType = sourcecode.swift; path = NetworkingError.swift; sourceTree = "<group>"; };
		D77B9B482A0B8A24006D587C /* NetworkingService.swift */ = {isa = PBXFileReference; fileEncoding = 4; lastKnownFileType = sourcecode.swift; path = NetworkingService.swift; sourceTree = "<group>"; };
		D77B9B492A0B8A24006D587C /* NetworkingProtocol.swift */ = {isa = PBXFileReference; fileEncoding = 4; lastKnownFileType = sourcecode.swift; path = NetworkingProtocol.swift; sourceTree = "<group>"; };
		D77B9B4E2A0B8A86006D587C /* Photo.swift */ = {isa = PBXFileReference; fileEncoding = 4; lastKnownFileType = sourcecode.swift; path = Photo.swift; sourceTree = "<group>"; };
		D7E036012A0A826D00EC32D6 /* SmartwayGalery.app */ = {isa = PBXFileReference; explicitFileType = wrapper.application; includeInIndex = 0; path = SmartwayGalery.app; sourceTree = BUILT_PRODUCTS_DIR; };
		D7E036042A0A826D00EC32D6 /* SmartwayGaleryApp.swift */ = {isa = PBXFileReference; lastKnownFileType = sourcecode.swift; path = SmartwayGaleryApp.swift; sourceTree = "<group>"; };
		D7E036062A0A826D00EC32D6 /* ContentView.swift */ = {isa = PBXFileReference; lastKnownFileType = sourcecode.swift; path = ContentView.swift; sourceTree = "<group>"; };
		D7E036082A0A826F00EC32D6 /* Assets.xcassets */ = {isa = PBXFileReference; lastKnownFileType = folder.assetcatalog; path = Assets.xcassets; sourceTree = "<group>"; };
		D7E0360B2A0A826F00EC32D6 /* Preview Assets.xcassets */ = {isa = PBXFileReference; lastKnownFileType = folder.assetcatalog; path = "Preview Assets.xcassets"; sourceTree = "<group>"; };
/* End PBXFileReference section */

/* Begin PBXFrameworksBuildPhase section */
		D7E035FE2A0A826D00EC32D6 /* Frameworks */ = {
			isa = PBXFrameworksBuildPhase;
			buildActionMask = 2147483647;
			files = (
			);
			runOnlyForDeploymentPostprocessing = 0;
		};
/* End PBXFrameworksBuildPhase section */

/* Begin PBXGroup section */
		D77B9B462A0B8A24006D587C /* Services */ = {
			isa = PBXGroup;
			children = (
				D77B9B492A0B8A24006D587C /* NetworkingProtocol.swift */,
				D77B9B482A0B8A24006D587C /* NetworkingService.swift */,
				D77B9B472A0B8A24006D587C /* NetworkingError.swift */,
			);
			path = Services;
			sourceTree = "<group>";
		};
		D77B9B4D2A0B8A86006D587C /* Models */ = {
			isa = PBXGroup;
			children = (
				D77B9B4E2A0B8A86006D587C /* Photo.swift */,
			);
			path = Models;
			sourceTree = "<group>";
		};
		D7E035F82A0A826D00EC32D6 = {
			isa = PBXGroup;
			children = (
				D7E036032A0A826D00EC32D6 /* SmartwayGalery */,
				D7E036022A0A826D00EC32D6 /* Products */,
			);
			sourceTree = "<group>";
		};
		D7E036022A0A826D00EC32D6 /* Products */ = {
			isa = PBXGroup;
			children = (
				D7E036012A0A826D00EC32D6 /* SmartwayGalery.app */,
			);
			name = Products;
			sourceTree = "<group>";
		};
		D7E036032A0A826D00EC32D6 /* SmartwayGalery */ = {
			isa = PBXGroup;
			children = (
				D7E036042A0A826D00EC32D6 /* SmartwayGaleryApp.swift */,
				D7E036062A0A826D00EC32D6 /* ContentView.swift */,
				D77B9B4D2A0B8A86006D587C /* Models */,
				D77B9B462A0B8A24006D587C /* Services */,
				D7E036082A0A826F00EC32D6 /* Assets.xcassets */,
				D7E0360A2A0A826F00EC32D6 /* Preview Content */,
			);
			path = SmartwayGalery;
			sourceTree = "<group>";
		};
		D7E0360A2A0A826F00EC32D6 /* Preview Content */ = {
			isa = PBXGroup;
			children = (
				D7E0360B2A0A826F00EC32D6 /* Preview Assets.xcassets */,
			);
			path = "Preview Content";
			sourceTree = "<group>";
		};
/* End PBXGroup section */

/* Begin PBXNativeTarget section */
		D7E036002A0A826D00EC32D6 /* SmartwayGalery */ = {
			isa = PBXNativeTarget;
			buildConfigurationList = D7E0360F2A0A826F00EC32D6 /* Build configuration list for PBXNativeTarget "SmartwayGalery" */;
			buildPhases = (
				D7E035FD2A0A826D00EC32D6 /* Sources */,
				D7E035FE2A0A826D00EC32D6 /* Frameworks */,
				D7E035FF2A0A826D00EC32D6 /* Resources */,
			);
			buildRules = (
			);
			dependencies = (
			);
			name = SmartwayGalery;
			productName = SmartwayGalery;
			productReference = D7E036012A0A826D00EC32D6 /* SmartwayGalery.app */;
			productType = "com.apple.product-type.application";
		};
/* End PBXNativeTarget section */

/* Begin PBXProject section */
		D7E035F92A0A826D00EC32D6 /* Project object */ = {
			isa = PBXProject;
			attributes = {
				BuildIndependentTargetsInParallel = 1;
				LastSwiftUpdateCheck = 1420;
				LastUpgradeCheck = 1420;
				TargetAttributes = {
					D7E036002A0A826D00EC32D6 = {
						CreatedOnToolsVersion = 14.2;
					};
				};
			};
			buildConfigurationList = D7E035FC2A0A826D00EC32D6 /* Build configuration list for PBXProject "SmartwayGalery" */;
			compatibilityVersion = "Xcode 14.0";
			developmentRegion = en;
			hasScannedForEncodings = 0;
			knownRegions = (
				en,
				Base,
			);
			mainGroup = D7E035F82A0A826D00EC32D6;
			productRefGroup = D7E036022A0A826D00EC32D6 /* Products */;
			projectDirPath = "";
			projectRoot = "";
			targets = (
				D7E036002A0A826D00EC32D6 /* SmartwayGalery */,
			);
		};
/* End PBXProject section */

/* Begin PBXResourcesBuildPhase section */
		D7E035FF2A0A826D00EC32D6 /* Resources */ = {
			isa = PBXResourcesBuildPhase;
			buildActionMask = 2147483647;
			files = (
				D7E0360C2A0A826F00EC32D6 /* Preview Assets.xcassets in Resources */,
				D7E036092A0A826F00EC32D6 /* Assets.xcassets in Resources */,
			);
			runOnlyForDeploymentPostprocessing = 0;
		};
/* End PBXResourcesBuildPhase section */

/* Begin PBXSourcesBuildPhase section */
		D7E035FD2A0A826D00EC32D6 /* Sources */ = {
			isa = PBXSourcesBuildPhase;
			buildActionMask = 2147483647;
			files = (
				D77B9B4F2A0B8A86006D587C /* Photo.swift in Sources */,
				D7E036072A0A826D00EC32D6 /* ContentView.swift in Sources */,
				D77B9B4A2A0B8A24006D587C /* NetworkingError.swift in Sources */,
				D7E036052A0A826D00EC32D6 /* SmartwayGaleryApp.swift in Sources */,
				D77B9B4C2A0B8A24006D587C /* NetworkingProtocol.swift in Sources */,
				D77B9B4B2A0B8A24006D587C /* NetworkingService.swift in Sources */,
			);
			runOnlyForDeploymentPostprocessing = 0;
		};
/* End PBXSourcesBuildPhase section */

/* Begin XCBuildConfiguration section */
		D7E0360D2A0A826F00EC32D6 /* Debug */ = {
			isa = XCBuildConfiguration;
			buildSettings = {
				ALWAYS_SEARCH_USER_PATHS = NO;
				CLANG_ANALYZER_NONNULL = YES;
				CLANG_ANALYZER_NUMBER_OBJECT_CONVERSION = YES_AGGRESSIVE;
				CLANG_CXX_LANGUAGE_STANDARD = "gnu++20";
				CLANG_ENABLE_MODULES = YES;
				CLANG_ENABLE_OBJC_ARC = YES;
				CLANG_ENABLE_OBJC_WEAK = YES;
				CLANG_WARN_BLOCK_CAPTURE_AUTORELEASING = YES;
				CLANG_WARN_BOOL_CONVERSION = YES;
				CLANG_WARN_COMMA = YES;
				CLANG_WARN_CONSTANT_CONVERSION = YES;
				CLANG_WARN_DEPRECATED_OBJC_IMPLEMENTATIONS = YES;
				CLANG_WARN_DIRECT_OBJC_ISA_USAGE = YES_ERROR;
				CLANG_WARN_DOCUMENTATION_COMMENTS = YES;
				CLANG_WARN_EMPTY_BODY = YES;
				CLANG_WARN_ENUM_CONVERSION = YES;
				CLANG_WARN_INFINITE_RECURSION = YES;
				CLANG_WARN_INT_CONVERSION = YES;
				CLANG_WARN_NON_LITERAL_NULL_CONVERSION = YES;
				CLANG_WARN_OBJC_IMPLICIT_RETAIN_SELF = YES;
				CLANG_WARN_OBJC_LITERAL_CONVERSION = YES;
				CLANG_WARN_OBJC_ROOT_CLASS = YES_ERROR;
				CLANG_WARN_QUOTED_INCLUDE_IN_FRAMEWORK_HEADER = YES;
				CLANG_WARN_RANGE_LOOP_ANALYSIS = YES;
				CLANG_WARN_STRICT_PROTOTYPES = YES;
				CLANG_WARN_SUSPICIOUS_MOVE = YES;
				CLANG_WARN_UNGUARDED_AVAILABILITY = YES_AGGRESSIVE;
				CLANG_WARN_UNREACHABLE_CODE = YES;
				CLANG_WARN__DUPLICATE_METHOD_MATCH = YES;
				COPY_PHASE_STRIP = NO;
				DEBUG_INFORMATION_FORMAT = dwarf;
				ENABLE_STRICT_OBJC_MSGSEND = YES;
				ENABLE_TESTABILITY = YES;
				GCC_C_LANGUAGE_STANDARD = gnu11;
				GCC_DYNAMIC_NO_PIC = NO;
				GCC_NO_COMMON_BLOCKS = YES;
				GCC_OPTIMIZATION_LEVEL = 0;
				GCC_PREPROCESSOR_DEFINITIONS = (
					"DEBUG=1",
					"$(inherited)",
				);
				GCC_WARN_64_TO_32_BIT_CONVERSION = YES;
				GCC_WARN_ABOUT_RETURN_TYPE = YES_ERROR;
				GCC_WARN_UNDECLARED_SELECTOR = YES;
				GCC_WARN_UNINITIALIZED_AUTOS = YES_AGGRESSIVE;
				GCC_WARN_UNUSED_FUNCTION = YES;
				GCC_WARN_UNUSED_VARIABLE = YES;
				IPHONEOS_DEPLOYMENT_TARGET = 16.2;
				MTL_ENABLE_DEBUG_INFO = INCLUDE_SOURCE;
				MTL_FAST_MATH = YES;
				ONLY_ACTIVE_ARCH = YES;
				SDKROOT = iphoneos;
				SWIFT_ACTIVE_COMPILATION_CONDITIONS = DEBUG;
				SWIFT_OPTIMIZATION_LEVEL = "-Onone";
			};
			name = Debug;
		};
		D7E0360E2A0A826F00EC32D6 /* Release */ = {
			isa = XCBuildConfiguration;
			buildSettings = {
				ALWAYS_SEARCH_USER_PATHS = NO;
				CLANG_ANALYZER_NONNULL = YES;
				CLANG_ANALYZER_NUMBER_OBJECT_CONVERSION = YES_AGGRESSIVE;
				CLANG_CXX_LANGUAGE_STANDARD = "gnu++20";
				CLANG_ENABLE_MODULES = YES;
				CLANG_ENABLE_OBJC_ARC = YES;
				CLANG_ENABLE_OBJC_WEAK = YES;
				CLANG_WARN_BLOCK_CAPTURE_AUTORELEASING = YES;
				CLANG_WARN_BOOL_CONVERSION = YES;
				CLANG_WARN_COMMA = YES;
				CLANG_WARN_CONSTANT_CONVERSION = YES;
				CLANG_WARN_DEPRECATED_OBJC_IMPLEMENTATIONS = YES;
				CLANG_WARN_DIRECT_OBJC_ISA_USAGE = YES_ERROR;
				CLANG_WARN_DOCUMENTATION_COMMENTS = YES;
				CLANG_WARN_EMPTY_BODY = YES;
				CLANG_WARN_ENUM_CONVERSION = YES;
				CLANG_WARN_INFINITE_RECURSION = YES;
				CLANG_WARN_INT_CONVERSION = YES;
				CLANG_WARN_NON_LITERAL_NULL_CONVERSION = YES;
				CLANG_WARN_OBJC_IMPLICIT_RETAIN_SELF = YES;
				CLANG_WARN_OBJC_LITERAL_CONVERSION = YES;
				CLANG_WARN_OBJC_ROOT_CLASS = YES_ERROR;
				CLANG_WARN_QUOTED_INCLUDE_IN_FRAMEWORK_HEADER = YES;
				CLANG_WARN_RANGE_LOOP_ANALYSIS = YES;
				CLANG_WARN_STRICT_PROTOTYPES = YES;
				CLANG_WARN_SUSPICIOUS_MOVE = YES;
				CLANG_WARN_UNGUARDED_AVAILABILITY = YES_AGGRESSIVE;
				CLANG_WARN_UNREACHABLE_CODE = YES;
				CLANG_WARN__DUPLICATE_METHOD_MATCH = YES;
				COPY_PHASE_STRIP = NO;
				DEBUG_INFORMATION_FORMAT = "dwarf-with-dsym";
				ENABLE_NS_ASSERTIONS = NO;
				ENABLE_STRICT_OBJC_MSGSEND = YES;
				GCC_C_LANGUAGE_STANDARD = gnu11;
				GCC_NO_COMMON_BLOCKS = YES;
				GCC_WARN_64_TO_32_BIT_CONVERSION = YES;
				GCC_WARN_ABOUT_RETURN_TYPE = YES_ERROR;
				GCC_WARN_UNDECLARED_SELECTOR = YES;
				GCC_WARN_UNINITIALIZED_AUTOS = YES_AGGRESSIVE;
				GCC_WARN_UNUSED_FUNCTION = YES;
				GCC_WARN_UNUSED_VARIABLE = YES;
				IPHONEOS_DEPLOYMENT_TARGET = 16.2;
				MTL_ENABLE_DEBUG_INFO = NO;
				MTL_FAST_MATH = YES;
				SDKROOT = iphoneos;
				SWIFT_COMPILATION_MODE = wholemodule;
				SWIFT_OPTIMIZATION_LEVEL = "-O";
				VALIDATE_PRODUCT = YES;
			};
			name = Release;
		};
		D7E036102A0A826F00EC32D6 /* Debug */ = {
			isa = XCBuildConfiguration;
			buildSettings = {
				ASSETCATALOG_COMPILER_APPICON_NAME = AppIcon;
				ASSETCATALOG_COMPILER_GLOBAL_ACCENT_COLOR_NAME = AccentColor;
				CODE_SIGN_STYLE = Automatic;
				CURRENT_PROJECT_VERSION = 1;
				DEVELOPMENT_ASSET_PATHS = "\"SmartwayGalery/Preview Content\"";
				DEVELOPMENT_TEAM = 95D5HHTHLU;
				ENABLE_PREVIEWS = YES;
				GENERATE_INFOPLIST_FILE = YES;
				INFOPLIST_KEY_UIApplicationSceneManifest_Generation = YES;
				INFOPLIST_KEY_UIApplicationSupportsIndirectInputEvents = YES;
				INFOPLIST_KEY_UILaunchScreen_Generation = YES;
				INFOPLIST_KEY_UISupportedInterfaceOrientations_iPad = "UIInterfaceOrientationPortrait UIInterfaceOrientationPortraitUpsideDown UIInterfaceOrientationLandscapeLeft UIInterfaceOrientationLandscapeRight";
				INFOPLIST_KEY_UISupportedInterfaceOrientations_iPhone = "UIInterfaceOrientationPortrait UIInterfaceOrientationLandscapeLeft UIInterfaceOrientationLandscapeRight";
				LD_RUNPATH_SEARCH_PATHS = (
					"$(inherited)",
					"@executable_path/Frameworks",
				);
				MARKETING_VERSION = 1.0;
				PRODUCT_BUNDLE_IDENTIFIER = MichailDev.SmartwayGalery;
				PRODUCT_NAME = "$(TARGET_NAME)";
				SWIFT_EMIT_LOC_STRINGS = YES;
				SWIFT_VERSION = 5.0;
				TARGETED_DEVICE_FAMILY = "1,2";
			};
			name = Debug;
		};
		D7E036112A0A826F00EC32D6 /* Release */ = {
			isa = XCBuildConfiguration;
			buildSettings = {
				ASSETCATALOG_COMPILER_APPICON_NAME = AppIcon;
				ASSETCATALOG_COMPILER_GLOBAL_ACCENT_COLOR_NAME = AccentColor;
				CODE_SIGN_STYLE = Automatic;
				CURRENT_PROJECT_VERSION = 1;
				DEVELOPMENT_ASSET_PATHS = "\"SmartwayGalery/Preview Content\"";
				DEVELOPMENT_TEAM = 95D5HHTHLU;
				ENABLE_PREVIEWS = YES;
				GENERATE_INFOPLIST_FILE = YES;
				INFOPLIST_KEY_UIApplicationSceneManifest_Generation = YES;
				INFOPLIST_KEY_UIApplicationSupportsIndirectInputEvents = YES;
				INFOPLIST_KEY_UILaunchScreen_Generation = YES;
				INFOPLIST_KEY_UISupportedInterfaceOrientations_iPad = "UIInterfaceOrientationPortrait UIInterfaceOrientationPortraitUpsideDown UIInterfaceOrientationLandscapeLeft UIInterfaceOrientationLandscapeRight";
				INFOPLIST_KEY_UISupportedInterfaceOrientations_iPhone = "UIInterfaceOrientationPortrait UIInterfaceOrientationLandscapeLeft UIInterfaceOrientationLandscapeRight";
				LD_RUNPATH_SEARCH_PATHS = (
					"$(inherited)",
					"@executable_path/Frameworks",
				);
				MARKETING_VERSION = 1.0;
				PRODUCT_BUNDLE_IDENTIFIER = MichailDev.SmartwayGalery;
				PRODUCT_NAME = "$(TARGET_NAME)";
				SWIFT_EMIT_LOC_STRINGS = YES;
				SWIFT_VERSION = 5.0;
				TARGETED_DEVICE_FAMILY = "1,2";
			};
			name = Release;
		};
/* End XCBuildConfiguration section */

/* Begin XCConfigurationList section */
		D7E035FC2A0A826D00EC32D6 /* Build configuration list for PBXProject "SmartwayGalery" */ = {
			isa = XCConfigurationList;
			buildConfigurations = (
				D7E0360D2A0A826F00EC32D6 /* Debug */,
				D7E0360E2A0A826F00EC32D6 /* Release */,
			);
			defaultConfigurationIsVisible = 0;
			defaultConfigurationName = Release;
		};
		D7E0360F2A0A826F00EC32D6 /* Build configuration list for PBXNativeTarget "SmartwayGalery" */ = {
			isa = XCConfigurationList;
			buildConfigurations = (
				D7E036102A0A826F00EC32D6 /* Debug */,
				D7E036112A0A826F00EC32D6 /* Release */,
			);
			defaultConfigurationIsVisible = 0;
			defaultConfigurationName = Release;
		};
/* End XCConfigurationList section */
	};
	rootObject = D7E035F92A0A826D00EC32D6 /* Project object */;
}
